{
  "source_commit": "1c56d657bb5b85f42d032e0277c5c433b9104d34",
  "working_tree_dirty": true,
  "generated_at": "2026-09-05T00:31:52Z",
  "scanned_scope": [
    "."
  ],
  "excluded_directories": [
    ".agents",
    ".cache",
    ".git",
    ".hg",
    ".next",
    ".nuxt",
    ".obsidian",
    ".svn",
    ".turbo",
    ".venv",
    ".vscode",
    "__pycache__",
    "build",
    "coverage",
    "dist",
    "docs/codemap",
    "generated",
    "node_modules",
    "out",
    "target",
    "vendor",
    "venv"
  ],
  "fingerprint_algorithm": "sha256-path-content-v2",
  "modules": [
    {
      "id": ".",
      "path": ".",
      "file_count": 15,
      "fingerprint": "310625ffb68bba2c1f01af776fcc83803a91fff9925f07c32333caeb2b02f26a"
    },
    {
      "id": ".github",
      "path": ".github",
      "file_count": 1,
      "fingerprint": "8fe3fbd76ffdb79d6c1941d1bbaea69fe43b2a3e09cad97e4091b38d76c3d634"
    },
    {
      "id": "SKILLS",
      "path": "SKILLS",
      "file_count": 6,
      "fingerprint": "a8f555d93f52ea8fd2a418808a171ad0e3cc73588f83b6088c0e4298acab91c2"
    },
    {
      "id": "contributions",
      "path": "contributions",
      "file_count": 2,
      "fingerprint": "0258ecb49a9fe840b595b728d3d870dbf41314eb7300969ba05ddb9c50575448"
    },
    {
      "id": "docs",
      "path": "docs",
      "file_count": 3,
      "fingerprint": "c0a9af9306f778220c3dfb8f149d9231f5a4996e742bc782090f98a152682960"
    },
    {
      "id": "gallery",
      "path": "gallery",
      "file_count": 741,
      "fingerprint": "16c48b66c09ba46d3160b9fd4970f397b747d6fcdeadeb12c85e663b1cb79785"
    },
    {
      "id": "migrations",
      "path": "migrations",
      "file_count": 1,
      "fingerprint": "e0d14134c8bb1c4131e51963e02b6e2ec1842ea7cac271f5369dc5262d3320fd"
    },
    {
      "id": "runs",
      "path": "runs",
      "file_count": 847,
      "fingerprint": "0aa4a00da9d24c549f5a3a2c3f6ccdf044489893cf60bd77ed02a55161ab961e"
    },
    {
      "id": "schemas",
      "path": "schemas",
      "file_count": 4,
      "fingerprint": "9bc656da30157d09b8e8cf121e707580b5b3fff111f4c9227f0153571ea7d242"
    },
    {
      "id": "scripts",
      "path": "scripts",
      "file_count": 31,
      "fingerprint": "409a11817fbcb8953e5927bef7ae69b4125a2442b2e71613ea397ab8e2437f64"
    },
    {
      "id": "suites",
      "path": "suites",
      "file_count": 2,
      "fingerprint": "99c8cd1e242b203f9af2cc0f304d2fa7944914484a500d16437149cae09cddfd"
    },
    {
      "id": "test",
      "path": "test",
      "file_count": 26,
      "fingerprint": "e92798e9d2c651b55015c1b1ccb5f99f033f3951ab3d4c191f3f9a1a7b7c4d61"
    },
    {
      "id": "workers",
      "path": "workers",
      "file_count": 1,
      "fingerprint": "e9402123cef7e5566369d564f2ecf79350c30a17e1d7bc77e4d95b5ca700b91e"
    }
  ]
}
