{
  "source_commit": "efc97193722d43b4c8ccca902e136115b701e71f",
  "working_tree_dirty": true,
  "generated_at": "2026-08-23T19:30:00Z",
  "scanned_scope": [
    "."
  ],
  "excluded_directories": [
    ".agents",
    ".cache",
    ".git",
    ".hg",
    ".next",
    ".nuxt",
    ".obsidian",
    ".svn",
    ".turbo",
    ".venv",
    ".vscode",
    "__pycache__",
    "build",
    "coverage",
    "dist",
    "docs/codemap",
    "generated",
    "node_modules",
    "out",
    "target",
    "vendor",
    "venv"
  ],
  "fingerprint_algorithm": "sha256-path-content-v2",
  "modules": [
    {
      "id": ".",
      "path": ".",
      "file_count": 14,
      "fingerprint": "912ea9f1e9642c709d50ff2783a9773d1f5e15e16b5adf45d6de13122fd2f674"
    },
    {
      "id": ".github",
      "path": ".github",
      "file_count": 1,
      "fingerprint": "3e67a4cb4e5837ab4219ddf7032d3e1ad6bec5cc0aba96429cc7d4d30227c809"
    },
    {
      "id": ".wrangler",
      "path": ".wrangler",
      "file_count": 16,
      "fingerprint": "14c22a749270198264ac0bab5f5222aa477064436090b446ea0fcd19a22fe923"
    },
    {
      "id": "SKILLS",
      "path": "SKILLS",
      "file_count": 6,
      "fingerprint": "4c7b3c3517ac7ee9edc9314245c256a08dfbfbe6ba5da77c54b772a0f549fb6f"
    },
    {
      "id": "contributions",
      "path": "contributions",
      "file_count": 2,
      "fingerprint": "0258ecb49a9fe840b595b728d3d870dbf41314eb7300969ba05ddb9c50575448"
    },
    {
      "id": "docs",
      "path": "docs",
      "file_count": 7,
      "fingerprint": "0e3b078447da2c4d9bb417c0a537d926b5990bfe69a5dcda436b69944ac8ed54"
    },
    {
      "id": "gallery",
      "path": "gallery",
      "file_count": 393,
      "fingerprint": "3c8b7f0189a3bb09c6aa2de48615e137373ca1d46aeafcb2c726c0b484b59781"
    },
    {
      "id": "receipts",
      "path": "receipts",
      "file_count": 1,
      "fingerprint": "339612a293bab7b34e4ac818e2f4d70cdfa06de52688547015e72a3fd28514b8"
    },
    {
      "id": "runs",
      "path": "runs",
      "file_count": 688,
      "fingerprint": "e9c6cd936bb5e0471d273d7076eb7fed83280e6c413400e63002086224c2cdf3"
    },
    {
      "id": "schemas",
      "path": "schemas",
      "file_count": 3,
      "fingerprint": "012e61cb3611a4826590e72030f60c16a3e211ecab71cc686eb3d26b07a56ce2"
    },
    {
      "id": "scripts",
      "path": "scripts",
      "file_count": 9,
      "fingerprint": "1bf74e1ac93b11af879a09554e8bb79fda8769166ccb470ee5ba6fe1319258dd"
    },
    {
      "id": "suites",
      "path": "suites",
      "file_count": 2,
      "fingerprint": "770c60de92d74afdfaad038121d893e6c0fa94290e09be356d11cdef8ac571dc"
    },
    {
      "id": "test",
      "path": "test",
      "file_count": 7,
      "fingerprint": "703a9517e2d034475981267e7d991dba2e9f2de7bda278caecc73139696fd55f"
    }
  ]
}
