{
  "source_commit": "38371a561124d7cf6fa02007673155122f992d9e",
  "working_tree_dirty": true,
  "generated_at": "2026-09-03T19:56:34Z",
  "scanned_scope": [
    "."
  ],
  "excluded_directories": [
    ".agents",
    ".cache",
    ".git",
    ".hg",
    ".next",
    ".nuxt",
    ".obsidian",
    ".svn",
    ".turbo",
    ".venv",
    ".vscode",
    "__pycache__",
    "build",
    "coverage",
    "dist",
    "docs/codemap",
    "generated",
    "node_modules",
    "out",
    "target",
    "vendor",
    "venv"
  ],
  "fingerprint_algorithm": "sha256-path-content-v2",
  "modules": [
    {
      "id": ".",
      "path": ".",
      "file_count": 15,
      "fingerprint": "310625ffb68bba2c1f01af776fcc83803a91fff9925f07c32333caeb2b02f26a"
    },
    {
      "id": ".github",
      "path": ".github",
      "file_count": 1,
      "fingerprint": "8fe3fbd76ffdb79d6c1941d1bbaea69fe43b2a3e09cad97e4091b38d76c3d634"
    },
    {
      "id": "SKILLS",
      "path": "SKILLS",
      "file_count": 6,
      "fingerprint": "a8f555d93f52ea8fd2a418808a171ad0e3cc73588f83b6088c0e4298acab91c2"
    },
    {
      "id": "contributions",
      "path": "contributions",
      "file_count": 2,
      "fingerprint": "0258ecb49a9fe840b595b728d3d870dbf41314eb7300969ba05ddb9c50575448"
    },
    {
      "id": "docs",
      "path": "docs",
      "file_count": 3,
      "fingerprint": "2abc98e69aa2e3c5f73a6cce1161cda642319ecbf2316571b5b01712bd0fd527"
    },
    {
      "id": "gallery",
      "path": "gallery",
      "file_count": 686,
      "fingerprint": "096ca2089f33224d400ec6bc76c179159f0acdce126026244b98589d2036164f"
    },
    {
      "id": "migrations",
      "path": "migrations",
      "file_count": 1,
      "fingerprint": "e0d14134c8bb1c4131e51963e02b6e2ec1842ea7cac271f5369dc5262d3320fd"
    },
    {
      "id": "runs",
      "path": "runs",
      "file_count": 726,
      "fingerprint": "937f8ea3042136202bce1efa0abe11caac55b72048bab9e17722d9cb06adf178"
    },
    {
      "id": "schemas",
      "path": "schemas",
      "file_count": 4,
      "fingerprint": "9bc656da30157d09b8e8cf121e707580b5b3fff111f4c9227f0153571ea7d242"
    },
    {
      "id": "scripts",
      "path": "scripts",
      "file_count": 31,
      "fingerprint": "a6f8ad3e27b4250c3a7e71052bb566cbac2749c32c098e522f6bbf50e4fd9def"
    },
    {
      "id": "suites",
      "path": "suites",
      "file_count": 2,
      "fingerprint": "99c8cd1e242b203f9af2cc0f304d2fa7944914484a500d16437149cae09cddfd"
    },
    {
      "id": "test",
      "path": "test",
      "file_count": 26,
      "fingerprint": "e92798e9d2c651b55015c1b1ccb5f99f033f3951ab3d4c191f3f9a1a7b7c4d61"
    },
    {
      "id": "workers",
      "path": "workers",
      "file_count": 1,
      "fingerprint": "e9402123cef7e5566369d564f2ecf79350c30a17e1d7bc77e4d95b5ca700b91e"
    }
  ]
}
